
Microsoft Visual Studio Solution File, Format Version 12.00
# Visual Studio 15
VisualStudioVersion = 15.0.28010.2019
MinimumVisualStudioVersion = 10.0.40219.1
Project("{2150E333-8FDC-42A3-9474-1A3956D46DE8}") = "Core", "Core", "{9B654CEF-0F2F-44E4-B74E-26A3BCA0821F}"
EndProject
Project("{2150E333-8FDC-42A3-9474-1A3956D46DE8}") = "Broker", "Broker", "{C69A04BA-C29B-485C-920B-EFCEBFED37BD}"
EndProject
Project("{2150E333-8FDC-42A3-9474-1A3956D46DE8}") = "Client", "Client", "{8EE04C9F-1F1B-4F00-A2AC-BC8010955F7D}"
EndProject
Project("{2150E333-8FDC-42A3-9474-1A3956D46DE8}") = "Host", "Host", "{8EE8231C-C978-4831-B22F-DD611BAEE40E}"
EndProject
Project("{9A19103F-16F7-4668-BE54-9A1E7A4F7556}") = "Messages", "Core\Messages\Messages.csproj", "{AA1DA968-C7C5-4F41-92D9-C522634F1138}"
EndProject
Project("{9A19103F-16F7-4668-BE54-9A1E7A4F7556}") = "ConsoleApp", "Broker\ConsoleApp\ConsoleApp.csproj", "{4AB46CD7-AE8C-4ADC-B819-8E2EE88C3C40}"
EndProject
Project("{9A19103F-16F7-4668-BE54-9A1E7A4F7556}") = "Utils", "Core\Utils\Utils.csproj", "{0DBE191A-CA8A-46F6-827A-AB5E304EC2FD}"
EndProject
Project("{9A19103F-16F7-4668-BE54-9A1E7A4F7556}") = "Network", "Core\Network\Network.csproj", "{52CF040C-0E01-46F2-9445-D9369AC8B665}"
EndProject
Project("{9A19103F-16F7-4668-BE54-9A1E7A4F7556}") = "Common", "Core\Common\Common.csproj", "{D31E526F-1562-47E7-B518-ACC69F7C639D}"
EndProject
Project("{9A19103F-16F7-4668-BE54-9A1E7A4F7556}") = "Model", "Core\Model\Model.csproj", "{943BB581-0FE3-4828-8FB3-CEDF0F0E7FB9}"
EndProject
Project("{9A19103F-16F7-4668-BE54-9A1E7A4F7556}") = "ConsoleApp", "Host\ConsoleApp\ConsoleApp.csproj", "{91366ED6-AFF3-4ADE-AAA4-A2C4A52A3001}"
EndProject
Project("{9A19103F-16F7-4668-BE54-9A1E7A4F7556}") = "ConsoleApp", "Client\ConsoleApp\ConsoleApp.csproj", "{EA71C7B4-B34F-4FC9-B09C-5DBCAC91C6CE}"
EndProject
Project("{2150E333-8FDC-42A3-9474-1A3956D46DE8}") = "Driver", "Driver", "{6E62384D-C9A9-4820-8E98-53E42AD42BC9}"
EndProject
Project("{9A19103F-16F7-4668-BE54-9A1E7A4F7556}") = "BaseDriver", "Driver\BaseDriver\BaseDriver.csproj", "{2718E0AB-A11D-4AAE-ACF1-2A806F5DA491}"
EndProject
Project("{2150E333-8FDC-42A3-9474-1A3956D46DE8}") = "Win", "Win", "{089909B6-40DF-4186-B3FF-354F6B7FAFEF}"
EndProject
Project("{FAE04EC0-301F-11D3-BF4B-00C04F79EFBC}") = "TeamScreenHostPortable", "Host\Win\TeamScreenHostPortable\TeamScreenHostPortable.csproj", "{1ADF2DA9-B7C2-4DB4-964B-CA3F42EC06B2}"
EndProject
Project("{2150E333-8FDC-42A3-9474-1A3956D46DE8}") = "Win", "Win", "{89C6851B-426C-440D-9EF2-82F26FC28DDF}"
EndProject
Project("{FAE04EC0-301F-11D3-BF4B-00C04F79EFBC}") = "Win", "Driver\Win\Win\Win.csproj", "{56A9740A-92AE-47FB-B915-B2BC64D2CCE8}"
EndProject
Project("{2150E333-8FDC-42A3-9474-1A3956D46DE8}") = "Win", "Win", "{48A33CC0-524E-4C80-85F0-880392E62CEF}"
EndProject
Project("{FAE04EC0-301F-11D3-BF4B-00C04F79EFBC}") = "TeamScreenClientPortable", "Client\Win\TeamScreenClientPortable\TeamScreenClientPortable.csproj", "{E2EAEDC2-E7AD-459C-94D1-4F96A730DF8F}"
EndProject
Global
	GlobalSection(SolutionConfigurationPlatforms) = preSolution
		Debug|Any CPU = Debug|Any CPU
		Release|Any CPU = Release|Any CPU
	EndGlobalSection
	GlobalSection(ProjectConfigurationPlatforms) = postSolution
		{AA1DA968-C7C5-4F41-92D9-C522634F1138}.Debug|Any CPU.ActiveCfg = Debug|Any CPU
		{AA1DA968-C7C5-4F41-92D9-C522634F1138}.Debug|Any CPU.Build.0 = Debug|Any CPU
		{AA1DA968-C7C5-4F41-92D9-C522634F1138}.Release|Any CPU.ActiveCfg = Release|Any CPU
		{AA1DA968-C7C5-4F41-92D9-C522634F1138}.Release|Any CPU.Build.0 = Release|Any CPU
		{4AB46CD7-AE8C-4ADC-B819-8E2EE88C3C40}.Debug|Any CPU.ActiveCfg = Debug|Any CPU
		{4AB46CD7-AE8C-4ADC-B819-8E2EE88C3C40}.Debug|Any CPU.Build.0 = Debug|Any CPU
		{4AB46CD7-AE8C-4ADC-B819-8E2EE88C3C40}.Release|Any CPU.ActiveCfg = Release|Any CPU
		{4AB46CD7-AE8C-4ADC-B819-8E2EE88C3C40}.Release|Any CPU.Build.0 = Release|Any CPU
		{0DBE191A-CA8A-46F6-827A-AB5E304EC2FD}.Debug|Any CPU.ActiveCfg = Debug|Any CPU
		{0DBE191A-CA8A-46F6-827A-AB5E304EC2FD}.Debug|Any CPU.Build.0 = Debug|Any CPU
		{0DBE191A-CA8A-46F6-827A-AB5E304EC2FD}.Release|Any CPU.ActiveCfg = Release|Any CPU
		{0DBE191A-CA8A-46F6-827A-AB5E304EC2FD}.Release|Any CPU.Build.0 = Release|Any CPU
		{52CF040C-0E01-46F2-9445-D9369AC8B665}.Debug|Any CPU.ActiveCfg = Debug|Any CPU
		{52CF040C-0E01-46F2-9445-D9369AC8B665}.Debug|Any CPU.Build.0 = Debug|Any CPU
		{52CF040C-0E01-46F2-9445-D9369AC8B665}.Release|Any CPU.ActiveCfg = Release|Any CPU
		{52CF040C-0E01-46F2-9445-D9369AC8B665}.Release|Any CPU.Build.0 = Release|Any CPU
		{D31E526F-1562-47E7-B518-ACC69F7C639D}.Debug|Any CPU.ActiveCfg = Debug|Any CPU
		{D31E526F-1562-47E7-B518-ACC69F7C639D}.Debug|Any CPU.Build.0 = Debug|Any CPU
		{D31E526F-1562-47E7-B518-ACC69F7C639D}.Release|Any CPU.ActiveCfg = Release|Any CPU
		{D31E526F-1562-47E7-B518-ACC69F7C639D}.Release|Any CPU.Build.0 = Release|Any CPU
		{943BB581-0FE3-4828-8FB3-CEDF0F0E7FB9}.Debug|Any CPU.ActiveCfg = Debug|Any CPU
		{943BB581-0FE3-4828-8FB3-CEDF0F0E7FB9}.Debug|Any CPU.Build.0 = Debug|Any CPU
		{943BB581-0FE3-4828-8FB3-CEDF0F0E7FB9}.Release|Any CPU.ActiveCfg = Release|Any CPU
		{943BB581-0FE3-4828-8FB3-CEDF0F0E7FB9}.Release|Any CPU.Build.0 = Release|Any CPU
		{91366ED6-AFF3-4ADE-AAA4-A2C4A52A3001}.Debug|Any CPU.ActiveCfg = Debug|Any CPU
		{91366ED6-AFF3-4ADE-AAA4-A2C4A52A3001}.Debug|Any CPU.Build.0 = Debug|Any CPU
		{91366ED6-AFF3-4ADE-AAA4-A2C4A52A3001}.Release|Any CPU.ActiveCfg = Release|Any CPU
		{91366ED6-AFF3-4ADE-AAA4-A2C4A52A3001}.Release|Any CPU.Build.0 = Release|Any CPU
		{EA71C7B4-B34F-4FC9-B09C-5DBCAC91C6CE}.Debug|Any CPU.ActiveCfg = Debug|Any CPU
		{EA71C7B4-B34F-4FC9-B09C-5DBCAC91C6CE}.Debug|Any CPU.Build.0 = Debug|Any CPU
		{EA71C7B4-B34F-4FC9-B09C-5DBCAC91C6CE}.Release|Any CPU.ActiveCfg = Release|Any CPU
		{EA71C7B4-B34F-4FC9-B09C-5DBCAC91C6CE}.Release|Any CPU.Build.0 = Release|Any CPU
		{2718E0AB-A11D-4AAE-ACF1-2A806F5DA491}.Debug|Any CPU.ActiveCfg = Debug|Any CPU
		{2718E0AB-A11D-4AAE-ACF1-2A806F5DA491}.Debug|Any CPU.Build.0 = Debug|Any CPU
		{2718E0AB-A11D-4AAE-ACF1-2A806F5DA491}.Release|Any CPU.ActiveCfg = Release|Any CPU
		{2718E0AB-A11D-4AAE-ACF1-2A806F5DA491}.Release|Any CPU.Build.0 = Release|Any CPU
		{1ADF2DA9-B7C2-4DB4-964B-CA3F42EC06B2}.Debug|Any CPU.ActiveCfg = Debug|Any CPU
		{1ADF2DA9-B7C2-4DB4-964B-CA3F42EC06B2}.Debug|Any CPU.Build.0 = Debug|Any CPU
		{1ADF2DA9-B7C2-4DB4-964B-CA3F42EC06B2}.Release|Any CPU.ActiveCfg = Release|Any CPU
		{1ADF2DA9-B7C2-4DB4-964B-CA3F42EC06B2}.Release|Any CPU.Build.0 = Release|Any CPU
		{56A9740A-92AE-47FB-B915-B2BC64D2CCE8}.Debug|Any CPU.ActiveCfg = Debug|Any CPU
		{56A9740A-92AE-47FB-B915-B2BC64D2CCE8}.Debug|Any CPU.Build.0 = Debug|Any CPU
		{56A9740A-92AE-47FB-B915-B2BC64D2CCE8}.Release|Any CPU.ActiveCfg = Release|Any CPU
		{56A9740A-92AE-47FB-B915-B2BC64D2CCE8}.Release|Any CPU.Build.0 = Release|Any CPU
		{E2EAEDC2-E7AD-459C-94D1-4F96A730DF8F}.Debug|Any CPU.ActiveCfg = Debug|Any CPU
		{E2EAEDC2-E7AD-459C-94D1-4F96A730DF8F}.Debug|Any CPU.Build.0 = Debug|Any CPU
		{E2EAEDC2-E7AD-459C-94D1-4F96A730DF8F}.Release|Any CPU.ActiveCfg = Release|Any CPU
		{E2EAEDC2-E7AD-459C-94D1-4F96A730DF8F}.Release|Any CPU.Build.0 = Release|Any CPU
	EndGlobalSection
	GlobalSection(SolutionProperties) = preSolution
		HideSolutionNode = FALSE
	EndGlobalSection
	GlobalSection(NestedProjects) = preSolution
		{AA1DA968-C7C5-4F41-92D9-C522634F1138} = {9B654CEF-0F2F-44E4-B74E-26A3BCA0821F}
		{4AB46CD7-AE8C-4ADC-B819-8E2EE88C3C40} = {C69A04BA-C29B-485C-920B-EFCEBFED37BD}
		{0DBE191A-CA8A-46F6-827A-AB5E304EC2FD} = {9B654CEF-0F2F-44E4-B74E-26A3BCA0821F}
		{52CF040C-0E01-46F2-9445-D9369AC8B665} = {9B654CEF-0F2F-44E4-B74E-26A3BCA0821F}
		{D31E526F-1562-47E7-B518-ACC69F7C639D} = {9B654CEF-0F2F-44E4-B74E-26A3BCA0821F}
		{943BB581-0FE3-4828-8FB3-CEDF0F0E7FB9} = {9B654CEF-0F2F-44E4-B74E-26A3BCA0821F}
		{91366ED6-AFF3-4ADE-AAA4-A2C4A52A3001} = {8EE8231C-C978-4831-B22F-DD611BAEE40E}
		{EA71C7B4-B34F-4FC9-B09C-5DBCAC91C6CE} = {8EE04C9F-1F1B-4F00-A2AC-BC8010955F7D}
		{2718E0AB-A11D-4AAE-ACF1-2A806F5DA491} = {6E62384D-C9A9-4820-8E98-53E42AD42BC9}
		{089909B6-40DF-4186-B3FF-354F6B7FAFEF} = {8EE8231C-C978-4831-B22F-DD611BAEE40E}
		{1ADF2DA9-B7C2-4DB4-964B-CA3F42EC06B2} = {089909B6-40DF-4186-B3FF-354F6B7FAFEF}
		{89C6851B-426C-440D-9EF2-82F26FC28DDF} = {6E62384D-C9A9-4820-8E98-53E42AD42BC9}
		{56A9740A-92AE-47FB-B915-B2BC64D2CCE8} = {89C6851B-426C-440D-9EF2-82F26FC28DDF}
		{48A33CC0-524E-4C80-85F0-880392E62CEF} = {8EE04C9F-1F1B-4F00-A2AC-BC8010955F7D}
		{E2EAEDC2-E7AD-459C-94D1-4F96A730DF8F} = {48A33CC0-524E-4C80-85F0-880392E62CEF}
	EndGlobalSection
	GlobalSection(ExtensibilityGlobals) = postSolution
		SolutionGuid = {CED699A7-C41E-4227-8EA4-8869F8A64769}
	EndGlobalSection
EndGlobal
