
Microsoft Visual Studio Solution File, Format Version 12.00
# Visual Studio 15
Project("{2150E333-8FDC-42A3-9474-1A3956D46DE8}") = "Core", "Core", "{9B654CEF-0F2F-44E4-B74E-26A3BCA0821F}"
EndProject
Project("{2150E333-8FDC-42A3-9474-1A3956D46DE8}") = "Broker", "Broker", "{C69A04BA-C29B-485C-920B-EFCEBFED37BD}"
EndProject
Project("{2150E333-8FDC-42A3-9474-1A3956D46DE8}") = "Client", "Client", "{8EE04C9F-1F1B-4F00-A2AC-BC8010955F7D}"
EndProject
Project("{2150E333-8FDC-42A3-9474-1A3956D46DE8}") = "Host", "Host", "{8EE8231C-C978-4831-B22F-DD611BAEE40E}"
EndProject
Project("{FAE04EC0-301F-11D3-BF4B-00C04F79EFBC}") = "Messages", "Core\Messages\Messages.csproj", "{AA1DA968-C7C5-4F41-92D9-C522634F1138}"
EndProject
Project("{FAE04EC0-301F-11D3-BF4B-00C04F79EFBC}") = "ConsoleApp", "Broker\ConsoleApp\ConsoleApp.csproj", "{4AB46CD7-AE8C-4ADC-B819-8E2EE88C3C40}"
EndProject
Project("{FAE04EC0-301F-11D3-BF4B-00C04F79EFBC}") = "Utils", "Core\Utils\Utils.csproj", "{0DBE191A-CA8A-46F6-827A-AB5E304EC2FD}"
EndProject
Project("{FAE04EC0-301F-11D3-BF4B-00C04F79EFBC}") = "Network", "Core\Network\Network.csproj", "{52CF040C-0E01-46F2-9445-D9369AC8B665}"
EndProject
Project("{FAE04EC0-301F-11D3-BF4B-00C04F79EFBC}") = "Common", "Core\Common\Common.csproj", "{D31E526F-1562-47E7-B518-ACC69F7C639D}"
EndProject
Project("{FAE04EC0-301F-11D3-BF4B-00C04F79EFBC}") = "Model", "Core\Model\Model.csproj", "{943BB581-0FE3-4828-8FB3-CEDF0F0E7FB9}"
EndProject
Project("{FAE04EC0-301F-11D3-BF4B-00C04F79EFBC}") = "ConsoleApp", "Host\ConsoleApp\ConsoleApp.csproj", "{91366ED6-AFF3-4ADE-AAA4-A2C4A52A3001}"
EndProject
Project("{FAE04EC0-301F-11D3-BF4B-00C04F79EFBC}") = "ConsoleApp", "Client\ConsoleApp\ConsoleApp.csproj", "{EA71C7B4-B34F-4FC9-B09C-5DBCAC91C6CE}"
EndProject
Project("{2150E333-8FDC-42A3-9474-1A3956D46DE8}") = "Mac", "Mac", "{5B8CAF8D-E1CB-48B3-B8C5-0ED8940395FF}"
EndProject
Project("{2150E333-8FDC-42A3-9474-1A3956D46DE8}") = "Mac", "Mac", "{3034D3DC-125A-4DCE-AA85-01636593AAF3}"
EndProject
Project("{FAE04EC0-301F-11D3-BF4B-00C04F79EFBC}") = "TeamScreenClient", "Client\Mac\TeamScreenClient\TeamScreenClient.csproj", "{5603092C-5719-4CAD-A61C-F9416BF00EB1}"
EndProject
Project("{FAE04EC0-301F-11D3-BF4B-00C04F79EFBC}") = "TeamScreenHost", "Host\Mac\TeamScreenHost\TeamScreenHost.csproj", "{F83AF86A-9AF7-415F-8E00-7A41AE8764F3}"
EndProject
Project("{2150E333-8FDC-42A3-9474-1A3956D46DE8}") = "Driver", "Driver", "{6E62384D-C9A9-4820-8E98-53E42AD42BC9}"
EndProject
Project("{FAE04EC0-301F-11D3-BF4B-00C04F79EFBC}") = "BaseDriver", "Driver\BaseDriver\BaseDriver.csproj", "{2718E0AB-A11D-4AAE-ACF1-2A806F5DA491}"
EndProject
Project("{FAE04EC0-301F-11D3-BF4B-00C04F79EFBC}") = "Mac", "Driver\Mac\Mac.csproj", "{160565A4-F28D-4822-82AB-6F66E0A0DCED}"
EndProject
Global
	GlobalSection(SolutionConfigurationPlatforms) = preSolution
		Debug|Any CPU = Debug|Any CPU
		Release|Any CPU = Release|Any CPU
	EndGlobalSection
	GlobalSection(NestedProjects) = preSolution
		{AA1DA968-C7C5-4F41-92D9-C522634F1138} = {9B654CEF-0F2F-44E4-B74E-26A3BCA0821F}
		{4AB46CD7-AE8C-4ADC-B819-8E2EE88C3C40} = {C69A04BA-C29B-485C-920B-EFCEBFED37BD}
		{0DBE191A-CA8A-46F6-827A-AB5E304EC2FD} = {9B654CEF-0F2F-44E4-B74E-26A3BCA0821F}
		{52CF040C-0E01-46F2-9445-D9369AC8B665} = {9B654CEF-0F2F-44E4-B74E-26A3BCA0821F}
		{D31E526F-1562-47E7-B518-ACC69F7C639D} = {9B654CEF-0F2F-44E4-B74E-26A3BCA0821F}
		{943BB581-0FE3-4828-8FB3-CEDF0F0E7FB9} = {9B654CEF-0F2F-44E4-B74E-26A3BCA0821F}
		{91366ED6-AFF3-4ADE-AAA4-A2C4A52A3001} = {8EE8231C-C978-4831-B22F-DD611BAEE40E}
		{EA71C7B4-B34F-4FC9-B09C-5DBCAC91C6CE} = {8EE04C9F-1F1B-4F00-A2AC-BC8010955F7D}
		{5B8CAF8D-E1CB-48B3-B8C5-0ED8940395FF} = {8EE04C9F-1F1B-4F00-A2AC-BC8010955F7D}
		{3034D3DC-125A-4DCE-AA85-01636593AAF3} = {8EE8231C-C978-4831-B22F-DD611BAEE40E}
		{5603092C-5719-4CAD-A61C-F9416BF00EB1} = {5B8CAF8D-E1CB-48B3-B8C5-0ED8940395FF}
		{F83AF86A-9AF7-415F-8E00-7A41AE8764F3} = {3034D3DC-125A-4DCE-AA85-01636593AAF3}
		{2718E0AB-A11D-4AAE-ACF1-2A806F5DA491} = {6E62384D-C9A9-4820-8E98-53E42AD42BC9}
		{160565A4-F28D-4822-82AB-6F66E0A0DCED} = {6E62384D-C9A9-4820-8E98-53E42AD42BC9}
	EndGlobalSection
	GlobalSection(ProjectConfigurationPlatforms) = postSolution
		{AA1DA968-C7C5-4F41-92D9-C522634F1138}.Debug|Any CPU.ActiveCfg = Debug|Any CPU
		{AA1DA968-C7C5-4F41-92D9-C522634F1138}.Debug|Any CPU.Build.0 = Debug|Any CPU
		{AA1DA968-C7C5-4F41-92D9-C522634F1138}.Release|Any CPU.ActiveCfg = Release|Any CPU
		{AA1DA968-C7C5-4F41-92D9-C522634F1138}.Release|Any CPU.Build.0 = Release|Any CPU
		{4AB46CD7-AE8C-4ADC-B819-8E2EE88C3C40}.Debug|Any CPU.ActiveCfg = Debug|Any CPU
		{4AB46CD7-AE8C-4ADC-B819-8E2EE88C3C40}.Debug|Any CPU.Build.0 = Debug|Any CPU
		{4AB46CD7-AE8C-4ADC-B819-8E2EE88C3C40}.Release|Any CPU.ActiveCfg = Release|Any CPU
		{4AB46CD7-AE8C-4ADC-B819-8E2EE88C3C40}.Release|Any CPU.Build.0 = Release|Any CPU
		{0DBE191A-CA8A-46F6-827A-AB5E304EC2FD}.Debug|Any CPU.ActiveCfg = Debug|Any CPU
		{0DBE191A-CA8A-46F6-827A-AB5E304EC2FD}.Debug|Any CPU.Build.0 = Debug|Any CPU
		{0DBE191A-CA8A-46F6-827A-AB5E304EC2FD}.Release|Any CPU.ActiveCfg = Release|Any CPU
		{0DBE191A-CA8A-46F6-827A-AB5E304EC2FD}.Release|Any CPU.Build.0 = Release|Any CPU
		{52CF040C-0E01-46F2-9445-D9369AC8B665}.Debug|Any CPU.ActiveCfg = Debug|Any CPU
		{52CF040C-0E01-46F2-9445-D9369AC8B665}.Debug|Any CPU.Build.0 = Debug|Any CPU
		{52CF040C-0E01-46F2-9445-D9369AC8B665}.Release|Any CPU.ActiveCfg = Release|Any CPU
		{52CF040C-0E01-46F2-9445-D9369AC8B665}.Release|Any CPU.Build.0 = Release|Any CPU
		{D31E526F-1562-47E7-B518-ACC69F7C639D}.Debug|Any CPU.ActiveCfg = Debug|Any CPU
		{D31E526F-1562-47E7-B518-ACC69F7C639D}.Debug|Any CPU.Build.0 = Debug|Any CPU
		{D31E526F-1562-47E7-B518-ACC69F7C639D}.Release|Any CPU.ActiveCfg = Release|Any CPU
		{D31E526F-1562-47E7-B518-ACC69F7C639D}.Release|Any CPU.Build.0 = Release|Any CPU
		{943BB581-0FE3-4828-8FB3-CEDF0F0E7FB9}.Debug|Any CPU.ActiveCfg = Debug|Any CPU
		{943BB581-0FE3-4828-8FB3-CEDF0F0E7FB9}.Debug|Any CPU.Build.0 = Debug|Any CPU
		{943BB581-0FE3-4828-8FB3-CEDF0F0E7FB9}.Release|Any CPU.ActiveCfg = Release|Any CPU
		{943BB581-0FE3-4828-8FB3-CEDF0F0E7FB9}.Release|Any CPU.Build.0 = Release|Any CPU
		{91366ED6-AFF3-4ADE-AAA4-A2C4A52A3001}.Debug|Any CPU.ActiveCfg = Debug|Any CPU
		{91366ED6-AFF3-4ADE-AAA4-A2C4A52A3001}.Debug|Any CPU.Build.0 = Debug|Any CPU
		{91366ED6-AFF3-4ADE-AAA4-A2C4A52A3001}.Release|Any CPU.ActiveCfg = Release|Any CPU
		{91366ED6-AFF3-4ADE-AAA4-A2C4A52A3001}.Release|Any CPU.Build.0 = Release|Any CPU
		{EA71C7B4-B34F-4FC9-B09C-5DBCAC91C6CE}.Debug|Any CPU.ActiveCfg = Debug|Any CPU
		{EA71C7B4-B34F-4FC9-B09C-5DBCAC91C6CE}.Debug|Any CPU.Build.0 = Debug|Any CPU
		{EA71C7B4-B34F-4FC9-B09C-5DBCAC91C6CE}.Release|Any CPU.ActiveCfg = Release|Any CPU
		{EA71C7B4-B34F-4FC9-B09C-5DBCAC91C6CE}.Release|Any CPU.Build.0 = Release|Any CPU
		{5603092C-5719-4CAD-A61C-F9416BF00EB1}.Debug|Any CPU.ActiveCfg = Debug|Any CPU
		{5603092C-5719-4CAD-A61C-F9416BF00EB1}.Debug|Any CPU.Build.0 = Debug|Any CPU
		{5603092C-5719-4CAD-A61C-F9416BF00EB1}.Release|Any CPU.ActiveCfg = Release|Any CPU
		{5603092C-5719-4CAD-A61C-F9416BF00EB1}.Release|Any CPU.Build.0 = Release|Any CPU
		{F83AF86A-9AF7-415F-8E00-7A41AE8764F3}.Debug|Any CPU.ActiveCfg = Debug|Any CPU
		{F83AF86A-9AF7-415F-8E00-7A41AE8764F3}.Debug|Any CPU.Build.0 = Debug|Any CPU
		{F83AF86A-9AF7-415F-8E00-7A41AE8764F3}.Release|Any CPU.ActiveCfg = Release|Any CPU
		{F83AF86A-9AF7-415F-8E00-7A41AE8764F3}.Release|Any CPU.Build.0 = Release|Any CPU
		{2718E0AB-A11D-4AAE-ACF1-2A806F5DA491}.Debug|Any CPU.ActiveCfg = Debug|Any CPU
		{2718E0AB-A11D-4AAE-ACF1-2A806F5DA491}.Debug|Any CPU.Build.0 = Debug|Any CPU
		{2718E0AB-A11D-4AAE-ACF1-2A806F5DA491}.Release|Any CPU.ActiveCfg = Release|Any CPU
		{2718E0AB-A11D-4AAE-ACF1-2A806F5DA491}.Release|Any CPU.Build.0 = Release|Any CPU
		{160565A4-F28D-4822-82AB-6F66E0A0DCED}.Debug|Any CPU.ActiveCfg = Debug|Any CPU
		{160565A4-F28D-4822-82AB-6F66E0A0DCED}.Debug|Any CPU.Build.0 = Debug|Any CPU
		{160565A4-F28D-4822-82AB-6F66E0A0DCED}.Release|Any CPU.ActiveCfg = Release|Any CPU
		{160565A4-F28D-4822-82AB-6F66E0A0DCED}.Release|Any CPU.Build.0 = Release|Any CPU
	EndGlobalSection
EndGlobal
