
Microsoft Visual Studio Solution File, Format Version 12.00
# Visual Studio 2012
Project("{FAE04EC0-301F-11D3-BF4B-00C04F79EFBC}") = "ConsoleIntroducer", "ConsoleIntroducer\ConsoleIntroducer.csproj", "{CA0E53FB-BADE-49B7-AC8D-2A1BB478973F}"
EndProject
Project("{FAE04EC0-301F-11D3-BF4B-00C04F79EFBC}") = "Network", "Network\Network.csproj", "{EE97E80C-1685-4A8E-9463-DA714007761C}"
EndProject
Project("{FAE04EC0-301F-11D3-BF4B-00C04F79EFBC}") = "Common", "Common\Common.csproj", "{62A99E23-9F56-4A77-9643-568E04D65BD5}"
EndProject
Project("{FAE04EC0-301F-11D3-BF4B-00C04F79EFBC}") = "ConsoleHost", "ConsoleHost\ConsoleHost.csproj", "{FAEC6C6E-D2B3-454A-A2EF-74BC1311E7C5}"
EndProject
Project("{FAE04EC0-301F-11D3-BF4B-00C04F79EFBC}") = "ConsoleClient", "ConsoleClient\ConsoleClient.csproj", "{20697887-EBA2-4A9F-A18F-D5824E738195}"
EndProject
Project("{FAE04EC0-301F-11D3-BF4B-00C04F79EFBC}") = "Model", "Model\Model.csproj", "{60E8D004-BAC1-46B7-94A5-1B1C85564B01}"
EndProject
Project("{FAE04EC0-301F-11D3-BF4B-00C04F79EFBC}") = "GuiHost", "GuiHost\GuiHost.csproj", "{196EE847-E39B-4CCB-A3A1-80EB83ACDFE8}"
EndProject
Project("{FAE04EC0-301F-11D3-BF4B-00C04F79EFBC}") = "GuiClient", "GuiClient\GuiClient.csproj", "{8747667E-35F9-4E6D-A89A-15A116511B82}"
EndProject
Project("{FAE04EC0-301F-11D3-BF4B-00C04F79EFBC}") = "Driver", "Driver\Driver.csproj", "{FC3DD536-3DFD-4800-9BD1-30F95B915536}"
EndProject
Project("{FAE04EC0-301F-11D3-BF4B-00C04F79EFBC}") = "LiteNetLib", "vendor\LiteNetLib\LiteNetLib\LiteNetLib.csproj", "{B0A014E4-0392-4E35-AA42-8FB5A40417E0}"
EndProject
Global
	GlobalSection(SolutionConfigurationPlatforms) = preSolution
		Debug|x86 = Debug|x86
		Release|x86 = Release|x86
	EndGlobalSection
	GlobalSection(ProjectConfigurationPlatforms) = postSolution
		{CA0E53FB-BADE-49B7-AC8D-2A1BB478973F}.Debug|x86.ActiveCfg = Debug|x86
		{CA0E53FB-BADE-49B7-AC8D-2A1BB478973F}.Debug|x86.Build.0 = Debug|x86
		{CA0E53FB-BADE-49B7-AC8D-2A1BB478973F}.Release|x86.ActiveCfg = Release|x86
		{CA0E53FB-BADE-49B7-AC8D-2A1BB478973F}.Release|x86.Build.0 = Release|x86
		{EE97E80C-1685-4A8E-9463-DA714007761C}.Debug|x86.ActiveCfg = Debug|Any CPU
		{EE97E80C-1685-4A8E-9463-DA714007761C}.Debug|x86.Build.0 = Debug|Any CPU
		{EE97E80C-1685-4A8E-9463-DA714007761C}.Release|x86.ActiveCfg = Release|Any CPU
		{EE97E80C-1685-4A8E-9463-DA714007761C}.Release|x86.Build.0 = Release|Any CPU
		{62A99E23-9F56-4A77-9643-568E04D65BD5}.Debug|x86.ActiveCfg = Debug|Any CPU
		{62A99E23-9F56-4A77-9643-568E04D65BD5}.Debug|x86.Build.0 = Debug|Any CPU
		{62A99E23-9F56-4A77-9643-568E04D65BD5}.Release|x86.ActiveCfg = Release|Any CPU
		{62A99E23-9F56-4A77-9643-568E04D65BD5}.Release|x86.Build.0 = Release|Any CPU
		{FAEC6C6E-D2B3-454A-A2EF-74BC1311E7C5}.Debug|x86.ActiveCfg = Debug|x86
		{FAEC6C6E-D2B3-454A-A2EF-74BC1311E7C5}.Debug|x86.Build.0 = Debug|x86
		{FAEC6C6E-D2B3-454A-A2EF-74BC1311E7C5}.Release|x86.ActiveCfg = Release|x86
		{FAEC6C6E-D2B3-454A-A2EF-74BC1311E7C5}.Release|x86.Build.0 = Release|x86
		{20697887-EBA2-4A9F-A18F-D5824E738195}.Debug|x86.ActiveCfg = Debug|x86
		{20697887-EBA2-4A9F-A18F-D5824E738195}.Debug|x86.Build.0 = Debug|x86
		{20697887-EBA2-4A9F-A18F-D5824E738195}.Release|x86.ActiveCfg = Release|x86
		{20697887-EBA2-4A9F-A18F-D5824E738195}.Release|x86.Build.0 = Release|x86
		{60E8D004-BAC1-46B7-94A5-1B1C85564B01}.Debug|x86.ActiveCfg = Debug|Any CPU
		{60E8D004-BAC1-46B7-94A5-1B1C85564B01}.Debug|x86.Build.0 = Debug|Any CPU
		{60E8D004-BAC1-46B7-94A5-1B1C85564B01}.Release|x86.ActiveCfg = Release|Any CPU
		{60E8D004-BAC1-46B7-94A5-1B1C85564B01}.Release|x86.Build.0 = Release|Any CPU
		{196EE847-E39B-4CCB-A3A1-80EB83ACDFE8}.Debug|x86.ActiveCfg = Debug|x86
		{196EE847-E39B-4CCB-A3A1-80EB83ACDFE8}.Debug|x86.Build.0 = Debug|x86
		{196EE847-E39B-4CCB-A3A1-80EB83ACDFE8}.Release|x86.ActiveCfg = Release|x86
		{196EE847-E39B-4CCB-A3A1-80EB83ACDFE8}.Release|x86.Build.0 = Release|x86
		{8747667E-35F9-4E6D-A89A-15A116511B82}.Debug|x86.ActiveCfg = Debug|x86
		{8747667E-35F9-4E6D-A89A-15A116511B82}.Debug|x86.Build.0 = Debug|x86
		{8747667E-35F9-4E6D-A89A-15A116511B82}.Release|x86.ActiveCfg = Release|x86
		{8747667E-35F9-4E6D-A89A-15A116511B82}.Release|x86.Build.0 = Release|x86
		{FC3DD536-3DFD-4800-9BD1-30F95B915536}.Debug|x86.ActiveCfg = Debug|Any CPU
		{FC3DD536-3DFD-4800-9BD1-30F95B915536}.Debug|x86.Build.0 = Debug|Any CPU
		{FC3DD536-3DFD-4800-9BD1-30F95B915536}.Release|x86.ActiveCfg = Release|Any CPU
		{FC3DD536-3DFD-4800-9BD1-30F95B915536}.Release|x86.Build.0 = Release|Any CPU
		{B0A014E4-0392-4E35-AA42-8FB5A40417E0}.Debug|x86.ActiveCfg = Debug|Any CPU
		{B0A014E4-0392-4E35-AA42-8FB5A40417E0}.Debug|x86.Build.0 = Debug|Any CPU
		{B0A014E4-0392-4E35-AA42-8FB5A40417E0}.Release|x86.ActiveCfg = Release|Any CPU
		{B0A014E4-0392-4E35-AA42-8FB5A40417E0}.Release|x86.Build.0 = Release|Any CPU
	EndGlobalSection
EndGlobal
